
Microsoft Visual Studio Solution File, Format Version 12.00
# Visual Studio Version 17
VisualStudioVersion = 17.0.31903.59
MinimumVisualStudioVersion = 10.0.40219.1
Project("{2150E333-8FDC-42A3-9474-1A3956D46DE8}") = "Additional items", "Additional items", "{415BAC5A-B1E6-4C03-8043-BA2C8C2516F1}"
	ProjectSection(SolutionItems) = preProject
		README.md = README.md
		.gitignore = .gitignore
		LICENSE.txt = LICENSE.txt
	EndProjectSection
EndProject
Project("{FAE04EC0-301F-11D3-BF4B-00C04F79EFBC}") = "ColimaStatusBar", "src\ColimaStatusBar\ColimaStatusBar.csproj", "{8940F85F-FAC2-471F-AF28-49413537E50A}"
EndProject
Project("{2150E333-8FDC-42A3-9474-1A3956D46DE8}") = "Build", "Build", "{67B6A867-A44E-4F0A-8FB9-BF51EEF4F8F3}"
	ProjectSection(SolutionItems) = preProject
		build\bundle.sh = build\bundle.sh
	EndProjectSection
EndProject
Project("{2150E333-8FDC-42A3-9474-1A3956D46DE8}") = "Deploy", "Deploy", "{2BC32885-4DA7-47BA-8A67-723316902F0A}"
EndProject
Project("{2150E333-8FDC-42A3-9474-1A3956D46DE8}") = "MacOS", "MacOS", "{505F2FA1-751B-4522-83C1-39D4033729E0}"
	ProjectSection(SolutionItems) = preProject
		deploy\osx\Info.plist = deploy\osx\Info.plist
	EndProjectSection
EndProject
Project("{FAE04EC0-301F-11D3-BF4B-00C04F79EFBC}") = "ColimaStatusBar.Native", "src\ColimaStatusBar.Native\ColimaStatusBar.Native.csproj", "{9F1CE05A-CB3A-4B80-A7C5-5E355E617375}"
EndProject
Project("{FAE04EC0-301F-11D3-BF4B-00C04F79EFBC}") = "Reactive", "src\Reactive\Reactive.csproj", "{B25E55D3-AD4D-48B6-8A77-0B1D8ABF4B26}"
EndProject
Global
	GlobalSection(SolutionConfigurationPlatforms) = preSolution
		Debug|Any CPU = Debug|Any CPU
		Release|Any CPU = Release|Any CPU
	EndGlobalSection
	GlobalSection(SolutionProperties) = preSolution
		HideSolutionNode = FALSE
	EndGlobalSection
	GlobalSection(ProjectConfigurationPlatforms) = postSolution
		{8940F85F-FAC2-471F-AF28-49413537E50A}.Debug|Any CPU.ActiveCfg = Debug|Any CPU
		{8940F85F-FAC2-471F-AF28-49413537E50A}.Debug|Any CPU.Build.0 = Debug|Any CPU
		{8940F85F-FAC2-471F-AF28-49413537E50A}.Release|Any CPU.ActiveCfg = Release|Any CPU
		{8940F85F-FAC2-471F-AF28-49413537E50A}.Release|Any CPU.Build.0 = Release|Any CPU
		{9F1CE05A-CB3A-4B80-A7C5-5E355E617375}.Debug|Any CPU.ActiveCfg = Debug|Any CPU
		{9F1CE05A-CB3A-4B80-A7C5-5E355E617375}.Debug|Any CPU.Build.0 = Debug|Any CPU
		{9F1CE05A-CB3A-4B80-A7C5-5E355E617375}.Release|Any CPU.ActiveCfg = Release|Any CPU
		{9F1CE05A-CB3A-4B80-A7C5-5E355E617375}.Release|Any CPU.Build.0 = Release|Any CPU
		{B25E55D3-AD4D-48B6-8A77-0B1D8ABF4B26}.Debug|Any CPU.ActiveCfg = Debug|Any CPU
		{B25E55D3-AD4D-48B6-8A77-0B1D8ABF4B26}.Debug|Any CPU.Build.0 = Debug|Any CPU
		{B25E55D3-AD4D-48B6-8A77-0B1D8ABF4B26}.Release|Any CPU.ActiveCfg = Release|Any CPU
		{B25E55D3-AD4D-48B6-8A77-0B1D8ABF4B26}.Release|Any CPU.Build.0 = Release|Any CPU
	EndGlobalSection
	GlobalSection(NestedProjects) = preSolution
		{67B6A867-A44E-4F0A-8FB9-BF51EEF4F8F3} = {415BAC5A-B1E6-4C03-8043-BA2C8C2516F1}
		{2BC32885-4DA7-47BA-8A67-723316902F0A} = {415BAC5A-B1E6-4C03-8043-BA2C8C2516F1}
		{505F2FA1-751B-4522-83C1-39D4033729E0} = {2BC32885-4DA7-47BA-8A67-723316902F0A}
	EndGlobalSection
EndGlobal
