<Solution>
  <Folder Name="/Additional items/">
    <File Path=".gitignore" />
    <File Path="LICENSE.txt" />
    <File Path="README.md" />
    <File Path="Directory.Build.props" />
    <File Path="Directory.Build.targets" />
  </Folder>
  <Project Path="src/ColimaStatusBar/ColimaStatusBar.csproj" />
</Solution>